
Microsoft Visual Studio Solution File, Format Version 12.00
# Visual Studio Version 16
VisualStudioVersion = 16.0.31624.102
MinimumVisualStudioVersion = 10.0.40219.1
Project("{8BC9CEB8-8B4A-11D0-8D11-00A0C91BC942}") = "Hades", "Hades\Hades.vcxproj", "{724B7428-E3A4-4FD6-B226-C18F5755F7BD}"
EndProject
Project("{8BC9CEB8-8B4A-11D0-8D11-00A0C91BC942}") = "Game", "Game\Game.vcxproj", "{614AC6EE-CDCE-41E8-B13F-4A507D5FD116}"
EndProject
Global
	GlobalSection(SolutionConfigurationPlatforms) = preSolution
		Debug|x64 = Debug|x64
		Release|x64 = Release|x64
	EndGlobalSection
	GlobalSection(ProjectConfigurationPlatforms) = postSolution
		{724B7428-E3A4-4FD6-B226-C18F5755F7BD}.Debug|x64.ActiveCfg = Debug|x64
		{724B7428-E3A4-4FD6-B226-C18F5755F7BD}.Debug|x64.Build.0 = Debug|x64
		{724B7428-E3A4-4FD6-B226-C18F5755F7BD}.Release|x64.ActiveCfg = Release|x64
		{724B7428-E3A4-4FD6-B226-C18F5755F7BD}.Release|x64.Build.0 = Release|x64
		{614AC6EE-CDCE-41E8-B13F-4A507D5FD116}.Debug|x64.ActiveCfg = Debug|x64
		{614AC6EE-CDCE-41E8-B13F-4A507D5FD116}.Debug|x64.Build.0 = Debug|x64
		{614AC6EE-CDCE-41E8-B13F-4A507D5FD116}.Release|x64.ActiveCfg = Release|x64
		{614AC6EE-CDCE-41E8-B13F-4A507D5FD116}.Release|x64.Build.0 = Release|x64
	EndGlobalSection
	GlobalSection(SolutionProperties) = preSolution
		HideSolutionNode = FALSE
	EndGlobalSection
	GlobalSection(ExtensibilityGlobals) = postSolution
		SolutionGuid = {BC1DC24E-133B-4831-9538-9401828EE6D7}
	EndGlobalSection
EndGlobal
