<?xml version="1.0" encoding="utf-8"?>
<Project ToolsVersion="4.0" xmlns="http://schemas.microsoft.com/developer/msbuild/2003">
  <ItemGroup>
    <Filter Include="Hades">
      <UniqueIdentifier>{0ACC4C0D-76E0-74BE-3F62-181EAB3571EF}</UniqueIdentifier>
    </Filter>
  </ItemGroup>
  <ItemGroup>
    <ClInclude Include="src\Hades.h" />
    <ClInclude Include="src\Hades\Application.h">
      <Filter>Hades</Filter>
    </ClInclude>
    <ClInclude Include="src\Hades\Core.h">
      <Filter>Hades</Filter>
    </ClInclude>
    <ClInclude Include="src\Hades\EntryPoint.h">
      <Filter>Hades</Filter>
    </ClInclude>
    <ClInclude Include="src\Hades\Log.h">
      <Filter>Hades</Filter>
    </ClInclude>
  </ItemGroup>
  <ItemGroup>
    <ClCompile Include="src\Hades\Application.cpp">
      <Filter>Hades</Filter>
    </ClCompile>
    <ClCompile Include="src\Hades\Log.cpp">
      <Filter>Hades</Filter>
    </ClCompile>
  </ItemGroup>
</Project>